
Microsoft Visual Studio Solution File, Format Version 12.00
# Visual Studio Version 17
VisualStudioVersion = 17.8.34330.188
MinimumVisualStudioVersion = 10.0.40219.1
Project("{FAE04EC0-301F-11D3-BF4B-00C04F79EFBC}") = "BusinessCardManagerAPI", "BusinessCardManagerAPI\BusinessCardManagerAPI.csproj", "{5A163EBB-96B7-417C-AC7F-1943D9568B52}"
EndProject
Project("{FAE04EC0-301F-11D3-BF4B-00C04F79EFBC}") = "BusinessCardManager.Domain", "BusinessCardManager.Domain\BusinessCardManager.Domain.csproj", "{DE4FC640-FF34-40A2-869C-441639F9A2CC}"
EndProject
Project("{FAE04EC0-301F-11D3-BF4B-00C04F79EFBC}") = "BusinessCardManager.Infrastructure", "BusinessCardManager.Infrastructure\BusinessCardManager.Infrastructure.csproj", "{6059736A-9545-4642-93C6-8A2A99AD29A8}"
EndProject
Project("{FAE04EC0-301F-11D3-BF4B-00C04F79EFBC}") = "BusinessCardManager.Application", "BusinessCardManager.Application\BusinessCardManager.Application.csproj", "{0AA39F34-785D-4B02-8B3A-4B83CDE5F01E}"
EndProject
Global
	GlobalSection(SolutionConfigurationPlatforms) = preSolution
		Debug|Any CPU = Debug|Any CPU
		Release|Any CPU = Release|Any CPU
	EndGlobalSection
	GlobalSection(ProjectConfigurationPlatforms) = postSolution
		{5A163EBB-96B7-417C-AC7F-1943D9568B52}.Debug|Any CPU.ActiveCfg = Debug|Any CPU
		{5A163EBB-96B7-417C-AC7F-1943D9568B52}.Debug|Any CPU.Build.0 = Debug|Any CPU
		{5A163EBB-96B7-417C-AC7F-1943D9568B52}.Release|Any CPU.ActiveCfg = Release|Any CPU
		{5A163EBB-96B7-417C-AC7F-1943D9568B52}.Release|Any CPU.Build.0 = Release|Any CPU
		{DE4FC640-FF34-40A2-869C-441639F9A2CC}.Debug|Any CPU.ActiveCfg = Debug|Any CPU
		{DE4FC640-FF34-40A2-869C-441639F9A2CC}.Debug|Any CPU.Build.0 = Debug|Any CPU
		{DE4FC640-FF34-40A2-869C-441639F9A2CC}.Release|Any CPU.ActiveCfg = Release|Any CPU
		{DE4FC640-FF34-40A2-869C-441639F9A2CC}.Release|Any CPU.Build.0 = Release|Any CPU
		{6059736A-9545-4642-93C6-8A2A99AD29A8}.Debug|Any CPU.ActiveCfg = Debug|Any CPU
		{6059736A-9545-4642-93C6-8A2A99AD29A8}.Debug|Any CPU.Build.0 = Debug|Any CPU
		{6059736A-9545-4642-93C6-8A2A99AD29A8}.Release|Any CPU.ActiveCfg = Release|Any CPU
		{6059736A-9545-4642-93C6-8A2A99AD29A8}.Release|Any CPU.Build.0 = Release|Any CPU
		{0AA39F34-785D-4B02-8B3A-4B83CDE5F01E}.Debug|Any CPU.ActiveCfg = Debug|Any CPU
		{0AA39F34-785D-4B02-8B3A-4B83CDE5F01E}.Debug|Any CPU.Build.0 = Debug|Any CPU
		{0AA39F34-785D-4B02-8B3A-4B83CDE5F01E}.Release|Any CPU.ActiveCfg = Release|Any CPU
		{0AA39F34-785D-4B02-8B3A-4B83CDE5F01E}.Release|Any CPU.Build.0 = Release|Any CPU
	EndGlobalSection
	GlobalSection(SolutionProperties) = preSolution
		HideSolutionNode = FALSE
	EndGlobalSection
	GlobalSection(ExtensibilityGlobals) = postSolution
		SolutionGuid = {26EDA29F-D541-4C50-9AD1-F7E0E8A851FD}
	EndGlobalSection
EndGlobal
